
Microsoft Visual Studio Solution File, Format Version 12.00
# Visual Studio Version 17
VisualStudioVersion = 17.2.32630.192
MinimumVisualStudioVersion = 10.0.40219.1
Project("{9A19103F-16F7-4668-BE54-9A1E7A4F7556}") = "R5T.T0179.Construction", "R5T.T0179.Construction\R5T.T0179.Construction.csproj", "{E070CBA4-2017-4760-83E7-4C8F8E32DC64}"
EndProject
Project("{9A19103F-16F7-4668-BE54-9A1E7A4F7556}") = "R5T.T0179", "R5T.T0179\R5T.T0179.csproj", "{F13939DC-FB37-4CFD-B291-981FD4314763}"
EndProject
Global
	GlobalSection(SolutionConfigurationPlatforms) = preSolution
		Debug|Any CPU = Debug|Any CPU
		Release|Any CPU = Release|Any CPU
	EndGlobalSection
	GlobalSection(ProjectConfigurationPlatforms) = postSolution
		{E070CBA4-2017-4760-83E7-4C8F8E32DC64}.Debug|Any CPU.ActiveCfg = Debug|Any CPU
		{E070CBA4-2017-4760-83E7-4C8F8E32DC64}.Debug|Any CPU.Build.0 = Debug|Any CPU
		{E070CBA4-2017-4760-83E7-4C8F8E32DC64}.Release|Any CPU.ActiveCfg = Release|Any CPU
		{E070CBA4-2017-4760-83E7-4C8F8E32DC64}.Release|Any CPU.Build.0 = Release|Any CPU
		{F13939DC-FB37-4CFD-B291-981FD4314763}.Debug|Any CPU.ActiveCfg = Debug|Any CPU
		{F13939DC-FB37-4CFD-B291-981FD4314763}.Debug|Any CPU.Build.0 = Debug|Any CPU
		{F13939DC-FB37-4CFD-B291-981FD4314763}.Release|Any CPU.ActiveCfg = Release|Any CPU
		{F13939DC-FB37-4CFD-B291-981FD4314763}.Release|Any CPU.Build.0 = Release|Any CPU
	EndGlobalSection
	GlobalSection(SolutionProperties) = preSolution
		HideSolutionNode = FALSE
	EndGlobalSection
	GlobalSection(ExtensibilityGlobals) = postSolution
		SolutionGuid = {BC68DA8E-BFE0-4C81-B1D4-A648D1C00182}
	EndGlobalSection
EndGlobal
